// !$*UTF8*$!
{
	archiveVersion = 1;
	classes = {
	};
	objectVersion = 46;
	objects = {

/* Begin PBXBuildFile section */
		189D7C661F8FBE20002871C8 /* main.m in Sources */ = {isa = PBXBuildFile; fileRef = 189D7C651F8FBE20002871C8 /* main.m */; };
		189D7C691F8FBE20002871C8 /* AppDelegate.m in Sources */ = {isa = PBXBuildFile; fileRef = 189D7C681F8FBE20002871C8 /* AppDelegate.m */; };
		189D7C6C1F8FBE20002871C8 /* ViewController.m in Sources */ = {isa = PBXBuildFile; fileRef = 189D7C6B1F8FBE20002871C8 /* ViewController.m */; };
		189D7C6F1F8FBE20002871C8 /* Main.storyboard in Resources */ = {isa = PBXBuildFile; fileRef = 189D7C6D1F8FBE20002871C8 /* Main.storyboard */; };
		189D7C711F8FBE20002871C8 /* Assets.xcassets in Resources */ = {isa = PBXBuildFile; fileRef = 189D7C701F8FBE20002871C8 /* Assets.xcassets */; };
		189D7C741F8FBE20002871C8 /* LaunchScreen.storyboard in Resources */ = {isa = PBXBuildFile; fileRef = 189D7C721F8FBE20002871C8 /* LaunchScreen.storyboard */; };
		189D7C7F1F8FBE21002871C8 /* MyCustomDispatchTimerTests.m in Sources */ = {isa = PBXBuildFile; fileRef = 189D7C7E1F8FBE21002871C8 /* MyCustomDispatchTimerTests.m */; };
		189D7C8A1F8FBE21002871C8 /* MyCustomDispatchTimerUITests.m in Sources */ = {isa = PBXBuildFile; fileRef = 189D7C891F8FBE21002871C8 /* MyCustomDispatchTimerUITests.m */; };
		189D7C991F8FBEB9002871C8 /* SHTimer.m in Sources */ = {isa = PBXBuildFile; fileRef = 189D7C981F8FBEB9002871C8 /* SHTimer.m */; };
/* End PBXBuildFile section */

/* Begin PBXContainerItemProxy section */
		189D7C7B1F8FBE21002871C8 /* PBXContainerItemProxy */ = {
			isa = PBXContainerItemProxy;
			containerPortal = 189D7C591F8FBE20002871C8 /* Project object */;
			proxyType = 1;
			remoteGlobalIDString = 189D7C601F8FBE20002871C8;
			remoteInfo = MyCustomDispatchTimer;
		};
		189D7C861F8FBE21002871C8 /* PBXContainerItemProxy */ = {
			isa = PBXContainerItemProxy;
			containerPortal = 189D7C591F8FBE20002871C8 /* Project object */;
			proxyType = 1;
			remoteGlobalIDString = 189D7C601F8FBE20002871C8;
			remoteInfo = MyCustomDispatchTimer;
		};
/* End PBXContainerItemProxy section */

/* Begin PBXFileReference section */
		189D7C611F8FBE20002871C8 /* MyCustomDispatchTimer.app */ = {isa = PBXFileReference; explicitFileType = wrapper.application; includeInIndex = 0; path = MyCustomDispatchTimer.app; sourceTree = BUILT_PRODUCTS_DIR; };
		189D7C651F8FBE20002871C8 /* main.m */ = {isa = PBXFileReference; lastKnownFileType = sourcecode.c.objc; path = main.m; sourceTree = "<group>"; };
		189D7C671F8FBE20002871C8 /* AppDelegate.h */ = {isa = PBXFileReference; lastKnownFileType = sourcecode.c.h; path = AppDelegate.h; sourceTree = "<group>"; };
		189D7C681F8FBE20002871C8 /* AppDelegate.m */ = {isa = PBXFileReference; lastKnownFileType = sourcecode.c.objc; path = AppDelegate.m; sourceTree = "<group>"; };
		189D7C6A1F8FBE20002871C8 /* ViewController.h */ = {isa = PBXFileReference; lastKnownFileType = sourcecode.c.h; path = ViewController.h; sourceTree = "<group>"; };
		189D7C6B1F8FBE20002871C8 /* ViewController.m */ = {isa = PBXFileReference; lastKnownFileType = sourcecode.c.objc; path = ViewController.m; sourceTree = "<group>"; };
		189D7C6E1F8FBE20002871C8 /* Base */ = {isa = PBXFileReference; lastKnownFileType = file.storyboard; name = Base; path = Base.lproj/Main.storyboard; sourceTree = "<group>"; };
		189D7C701F8FBE20002871C8 /* Assets.xcassets */ = {isa = PBXFileReference; lastKnownFileType = folder.assetcatalog; path = Assets.xcassets; sourceTree = "<group>"; };
		189D7C731F8FBE20002871C8 /* Base */ = {isa = PBXFileReference; lastKnownFileType = file.storyboard; name = Base; path = Base.lproj/LaunchScreen.storyboard; sourceTree = "<group>"; };
		189D7C751F8FBE21002871C8 /* Info.plist */ = {isa = PBXFileReference; lastKnownFileType = text.plist.xml; path = Info.plist; sourceTree = "<group>"; };
		189D7C7A1F8FBE21002871C8 /* MyCustomDispatchTimerTests.xctest */ = {isa = PBXFileReference; explicitFileType = wrapper.cfbundle; includeInIndex = 0; path = MyCustomDispatchTimerTests.xctest; sourceTree = BUILT_PRODUCTS_DIR; };
		189D7C7E1F8FBE21002871C8 /* MyCustomDispatchTimerTests.m */ = {isa = PBXFileReference; lastKnownFileType = sourcecode.c.objc; path = MyCustomDispatchTimerTests.m; sourceTree = "<group>"; };
		189D7C801F8FBE21002871C8 /* Info.plist */ = {isa = PBXFileReference; lastKnownFileType = text.plist.xml; path = Info.plist; sourceTree = "<group>"; };
		189D7C851F8FBE21002871C8 /* MyCustomDispatchTimerUITests.xctest */ = {isa = PBXFileReference; explicitFileType = wrapper.cfbundle; includeInIndex = 0; path = MyCustomDispatchTimerUITests.xctest; sourceTree = BUILT_PRODUCTS_DIR; };
		189D7C891F8FBE21002871C8 /* MyCustomDispatchTimerUITests.m */ = {isa = PBXFileReference; lastKnownFileType = sourcecode.c.objc; path = MyCustomDispatchTimerUITests.m; sourceTree = "<group>"; };
		189D7C8B1F8FBE21002871C8 /* Info.plist */ = {isa = PBXFileReference; lastKnownFileType = text.plist.xml; path = Info.plist; sourceTree = "<group>"; };
		189D7C971F8FBEB9002871C8 /* SHTimer.h */ = {isa = PBXFileReference; fileEncoding = 4; lastKnownFileType = sourcecode.c.h; path = SHTimer.h; sourceTree = "<group>"; };
		189D7C981F8FBEB9002871C8 /* SHTimer.m */ = {isa = PBXFileReference; fileEncoding = 4; lastKnownFileType = sourcecode.c.objc; path = SHTimer.m; sourceTree = "<group>"; };
/* End PBXFileReference section */

/* Begin PBXFrameworksBuildPhase section */
		189D7C5E1F8FBE20002871C8 /* Frameworks */ = {
			isa = PBXFrameworksBuildPhase;
			buildActionMask = 2147483647;
			files = (
			);
			runOnlyForDeploymentPostprocessing = 0;
		};
		189D7C771F8FBE21002871C8 /* Frameworks */ = {
			isa = PBXFrameworksBuildPhase;
			buildActionMask = 2147483647;
			files = (
			);
			runOnlyForDeploymentPostprocessing = 0;
		};
		189D7C821F8FBE21002871C8 /* Frameworks */ = {
			isa = PBXFrameworksBuildPhase;
			buildActionMask = 2147483647;
			files = (
			);
			runOnlyForDeploymentPostprocessing = 0;
		};
/* End PBXFrameworksBuildPhase section */

/* Begin PBXGroup section */
		189D7C581F8FBE20002871C8 = {
			isa = PBXGroup;
			children = (
				189D7C631F8FBE20002871C8 /* MyCustomDispatchTimer */,
				189D7C7D1F8FBE21002871C8 /* MyCustomDispatchTimerTests */,
				189D7C881F8FBE21002871C8 /* MyCustomDispatchTimerUITests */,
				189D7C621F8FBE20002871C8 /* Products */,
			);
			sourceTree = "<group>";
		};
		189D7C621F8FBE20002871C8 /* Products */ = {
			isa = PBXGroup;
			children = (
				189D7C611F8FBE20002871C8 /* MyCustomDispatchTimer.app */,
				189D7C7A1F8FBE21002871C8 /* MyCustomDispatchTimerTests.xctest */,
				189D7C851F8FBE21002871C8 /* MyCustomDispatchTimerUITests.xctest */,
			);
			name = Products;
			sourceTree = "<group>";
		};
		189D7C631F8FBE20002871C8 /* MyCustomDispatchTimer */ = {
			isa = PBXGroup;
			children = (
				189D7C671F8FBE20002871C8 /* AppDelegate.h */,
				189D7C681F8FBE20002871C8 /* AppDelegate.m */,
				189D7C6A1F8FBE20002871C8 /* ViewController.h */,
				189D7C6B1F8FBE20002871C8 /* ViewController.m */,
				189D7C6D1F8FBE20002871C8 /* Main.storyboard */,
				189D7C701F8FBE20002871C8 /* Assets.xcassets */,
				189D7C721F8FBE20002871C8 /* LaunchScreen.storyboard */,
				189D7C751F8FBE21002871C8 /* Info.plist */,
				189D7C641F8FBE20002871C8 /* Supporting Files */,
				189D7C971F8FBEB9002871C8 /* SHTimer.h */,
				189D7C981F8FBEB9002871C8 /* SHTimer.m */,
			);
			path = MyCustomDispatchTimer;
			sourceTree = "<group>";
		};
		189D7C641F8FBE20002871C8 /* Supporting Files */ = {
			isa = PBXGroup;
			children = (
				189D7C651F8FBE20002871C8 /* main.m */,
			);
			name = "Supporting Files";
			sourceTree = "<group>";
		};
		189D7C7D1F8FBE21002871C8 /* MyCustomDispatchTimerTests */ = {
			isa = PBXGroup;
			children = (
				189D7C7E1F8FBE21002871C8 /* MyCustomDispatchTimerTests.m */,
				189D7C801F8FBE21002871C8 /* Info.plist */,
			);
			path = MyCustomDispatchTimerTests;
			sourceTree = "<group>";
		};
		189D7C881F8FBE21002871C8 /* MyCustomDispatchTimerUITests */ = {
			isa = PBXGroup;
			children = (
				189D7C891F8FBE21002871C8 /* MyCustomDispatchTimerUITests.m */,
				189D7C8B1F8FBE21002871C8 /* Info.plist */,
			);
			path = MyCustomDispatchTimerUITests;
			sourceTree = "<group>";
		};
/* End PBXGroup section */

/* Begin PBXNativeTarget section */
		189D7C601F8FBE20002871C8 /* MyCustomDispatchTimer */ = {
			isa = PBXNativeTarget;
			buildConfigurationList = 189D7C8E1F8FBE21002871C8 /* Build configuration list for PBXNativeTarget "MyCustomDispatchTimer" */;
			buildPhases = (
				189D7C5D1F8FBE20002871C8 /* Sources */,
				189D7C5E1F8FBE20002871C8 /* Frameworks */,
				189D7C5F1F8FBE20002871C8 /* Resources */,
			);
			buildRules = (
			);
			dependencies = (
			);
			name = MyCustomDispatchTimer;
			productName = MyCustomDispatchTimer;
			productReference = 189D7C611F8FBE20002871C8 /* MyCustomDispatchTimer.app */;
			productType = "com.apple.product-type.application";
		};
		189D7C791F8FBE21002871C8 /* MyCustomDispatchTimerTests */ = {
			isa = PBXNativeTarget;
			buildConfigurationList = 189D7C911F8FBE21002871C8 /* Build configuration list for PBXNativeTarget "MyCustomDispatchTimerTests" */;
			buildPhases = (
				189D7C761F8FBE21002871C8 /* Sources */,
				189D7C771F8FBE21002871C8 /* Frameworks */,
				189D7C781F8FBE21002871C8 /* Resources */,
			);
			buildRules = (
			);
			dependencies = (
				189D7C7C1F8FBE21002871C8 /* PBXTargetDependency */,
			);
			name = MyCustomDispatchTimerTests;
			productName = MyCustomDispatchTimerTests;
			productReference = 189D7C7A1F8FBE21002871C8 /* MyCustomDispatchTimerTests.xctest */;
			productType = "com.apple.product-type.bundle.unit-test";
		};
		189D7C841F8FBE21002871C8 /* MyCustomDispatchTimerUITests */ = {
			isa = PBXNativeTarget;
			buildConfigurationList = 189D7C941F8FBE21002871C8 /* Build configuration list for PBXNativeTarget "MyCustomDispatchTimerUITests" */;
			buildPhases = (
				189D7C811F8FBE21002871C8 /* Sources */,
				189D7C821F8FBE21002871C8 /* Frameworks */,
				189D7C831F8FBE21002871C8 /* Resources */,
			);
			buildRules = (
			);
			dependencies = (
				189D7C871F8FBE21002871C8 /* PBXTargetDependency */,
			);
			name = MyCustomDispatchTimerUITests;
			productName = MyCustomDispatchTimerUITests;
			productReference = 189D7C851F8FBE21002871C8 /* MyCustomDispatchTimerUITests.xctest */;
			productType = "com.apple.product-type.bundle.ui-testing";
		};
/* End PBXNativeTarget section */

/* Begin PBXProject section */
		189D7C591F8FBE20002871C8 /* Project object */ = {
			isa = PBXProject;
			attributes = {
				LastUpgradeCheck = 0830;
				ORGANIZATIONNAME = "MacBook Pro Retina";
				TargetAttributes = {
					189D7C601F8FBE20002871C8 = {
						CreatedOnToolsVersion = 8.3.3;
						ProvisioningStyle = Automatic;
					};
					189D7C791F8FBE21002871C8 = {
						CreatedOnToolsVersion = 8.3.3;
						ProvisioningStyle = Automatic;
						TestTargetID = 189D7C601F8FBE20002871C8;
					};
					189D7C841F8FBE21002871C8 = {
						CreatedOnToolsVersion = 8.3.3;
						ProvisioningStyle = Automatic;
						TestTargetID = 189D7C601F8FBE20002871C8;
					};
				};
			};
			buildConfigurationList = 189D7C5C1F8FBE20002871C8 /* Build configuration list for PBXProject "MyCustomDispatchTimer" */;
			compatibilityVersion = "Xcode 3.2";
			developmentRegion = English;
			hasScannedForEncodings = 0;
			knownRegions = (
				en,
				Base,
			);
			mainGroup = 189D7C581F8FBE20002871C8;
			productRefGroup = 189D7C621F8FBE20002871C8 /* Products */;
			projectDirPath = "";
			projectRoot = "";
			targets = (
				189D7C601F8FBE20002871C8 /* MyCustomDispatchTimer */,
				189D7C791F8FBE21002871C8 /* MyCustomDispatchTimerTests */,
				189D7C841F8FBE21002871C8 /* MyCustomDispatchTimerUITests */,
			);
		};
/* End PBXProject section */

/* Begin PBXResourcesBuildPhase section */
		189D7C5F1F8FBE20002871C8 /* Resources */ = {
			isa = PBXResourcesBuildPhase;
			buildActionMask = 2147483647;
			files = (
				189D7C741F8FBE20002871C8 /* LaunchScreen.storyboard in Resources */,
				189D7C711F8FBE20002871C8 /* Assets.xcassets in Resources */,
				189D7C6F1F8FBE20002871C8 /* Main.storyboard in Resources */,
			);
			runOnlyForDeploymentPostprocessing = 0;
		};
		189D7C781F8FBE21002871C8 /* Resources */ = {
			isa = PBXResourcesBuildPhase;
			buildActionMask = 2147483647;
			files = (
			);
			runOnlyForDeploymentPostprocessing = 0;
		};
		189D7C831F8FBE21002871C8 /* Resources */ = {
			isa = PBXResourcesBuildPhase;
			buildActionMask = 2147483647;
			files = (
			);
			runOnlyForDeploymentPostprocessing = 0;
		};
/* End PBXResourcesBuildPhase section */

/* Begin PBXSourcesBuildPhase section */
		189D7C5D1F8FBE20002871C8 /* Sources */ = {
			isa = PBXSourcesBuildPhase;
			buildActionMask = 2147483647;
			files = (
				189D7C991F8FBEB9002871C8 /* SHTimer.m in Sources */,
				189D7C6C1F8FBE20002871C8 /* ViewController.m in Sources */,
				189D7C691F8FBE20002871C8 /* AppDelegate.m in Sources */,
				189D7C661F8FBE20002871C8 /* main.m in Sources */,
			);
			runOnlyForDeploymentPostprocessing = 0;
		};
		189D7C761F8FBE21002871C8 /* Sources */ = {
			isa = PBXSourcesBuildPhase;
			buildActionMask = 2147483647;
			files = (
				189D7C7F1F8FBE21002871C8 /* MyCustomDispatchTimerTests.m in Sources */,
			);
			runOnlyForDeploymentPostprocessing = 0;
		};
		189D7C811F8FBE21002871C8 /* Sources */ = {
			isa = PBXSourcesBuildPhase;
			buildActionMask = 2147483647;
			files = (
				189D7C8A1F8FBE21002871C8 /* MyCustomDispatchTimerUITests.m in Sources */,
			);
			runOnlyForDeploymentPostprocessing = 0;
		};
/* End PBXSourcesBuildPhase section */

/* Begin PBXTargetDependency section */
		189D7C7C1F8FBE21002871C8 /* PBXTargetDependency */ = {
			isa = PBXTargetDependency;
			target = 189D7C601F8FBE20002871C8 /* MyCustomDispatchTimer */;
			targetProxy = 189D7C7B1F8FBE21002871C8 /* PBXContainerItemProxy */;
		};
		189D7C871F8FBE21002871C8 /* PBXTargetDependency */ = {
			isa = PBXTargetDependency;
			target = 189D7C601F8FBE20002871C8 /* MyCustomDispatchTimer */;
			targetProxy = 189D7C861F8FBE21002871C8 /* PBXContainerItemProxy */;
		};
/* End PBXTargetDependency section */

/* Begin PBXVariantGroup section */
		189D7C6D1F8FBE20002871C8 /* Main.storyboard */ = {
			isa = PBXVariantGroup;
			children = (
				189D7C6E1F8FBE20002871C8 /* Base */,
			);
			name = Main.storyboard;
			sourceTree = "<group>";
		};
		189D7C721F8FBE20002871C8 /* LaunchScreen.storyboard */ = {
			isa = PBXVariantGroup;
			children = (
				189D7C731F8FBE20002871C8 /* Base */,
			);
			name = LaunchScreen.storyboard;
			sourceTree = "<group>";
		};
/* End PBXVariantGroup section */

/* Begin XCBuildConfiguration section */
		189D7C8C1F8FBE21002871C8 /* Debug */ = {
			isa = XCBuildConfiguration;
			buildSettings = {
				ALWAYS_SEARCH_USER_PATHS = NO;
				CLANG_ANALYZER_NONNULL = YES;
				CLANG_ANALYZER_NUMBER_OBJECT_CONVERSION = YES_AGGRESSIVE;
				CLANG_CXX_LANGUAGE_STANDARD = "gnu++0x";
				CLANG_CXX_LIBRARY = "libc++";
				CLANG_ENABLE_MODULES = YES;
				CLANG_ENABLE_OBJC_ARC = YES;
				CLANG_WARN_BOOL_CONVERSION = YES;
				CLANG_WARN_CONSTANT_CONVERSION = YES;
				CLANG_WARN_DIRECT_OBJC_ISA_USAGE = YES_ERROR;
				CLANG_WARN_DOCUMENTATION_COMMENTS = YES;
				CLANG_WARN_EMPTY_BODY = YES;
				CLANG_WARN_ENUM_CONVERSION = YES;
				CLANG_WARN_INFINITE_RECURSION = YES;
				CLANG_WARN_INT_CONVERSION = YES;
				CLANG_WARN_OBJC_ROOT_CLASS = YES_ERROR;
				CLANG_WARN_SUSPICIOUS_MOVE = YES;
				CLANG_WARN_UNREACHABLE_CODE = YES;
				CLANG_WARN__DUPLICATE_METHOD_MATCH = YES;
				"CODE_SIGN_IDENTITY[sdk=iphoneos*]" = "iPhone Developer";
				COPY_PHASE_STRIP = NO;
				DEBUG_INFORMATION_FORMAT = dwarf;
				ENABLE_STRICT_OBJC_MSGSEND = YES;
				ENABLE_TESTABILITY = YES;
				GCC_C_LANGUAGE_STANDARD = gnu99;
				GCC_DYNAMIC_NO_PIC = NO;
				GCC_NO_COMMON_BLOCKS = YES;
				GCC_OPTIMIZATION_LEVEL = 0;
				GCC_PREPROCESSOR_DEFINITIONS = (
					"DEBUG=1",
					"$(inherited)",
				);
				GCC_WARN_64_TO_32_BIT_CONVERSION = YES;
				GCC_WARN_ABOUT_RETURN_TYPE = YES_ERROR;
				GCC_WARN_UNDECLARED_SELECTOR = YES;
				GCC_WARN_UNINITIALIZED_AUTOS = YES_AGGRESSIVE;
				GCC_WARN_UNUSED_FUNCTION = YES;
				GCC_WARN_UNUSED_VARIABLE = YES;
				IPHONEOS_DEPLOYMENT_TARGET = 10.3;
				MTL_ENABLE_DEBUG_INFO = YES;
				ONLY_ACTIVE_ARCH = YES;
				SDKROOT = iphoneos;
				TARGETED_DEVICE_FAMILY = "1,2";
			};
			name = Debug;
		};
		189D7C8D1F8FBE21002871C8 /* Release */ = {
			isa = XCBuildConfiguration;
			buildSettings = {
				ALWAYS_SEARCH_USER_PATHS = NO;
				CLANG_ANALYZER_NONNULL = YES;
				CLANG_ANALYZER_NUMBER_OBJECT_CONVERSION = YES_AGGRESSIVE;
				CLANG_CXX_LANGUAGE_STANDARD = "gnu++0x";
				CLANG_CXX_LIBRARY = "libc++";
				CLANG_ENABLE_MODULES = YES;
				CLANG_ENABLE_OBJC_ARC = YES;
				CLANG_WARN_BOOL_CONVERSION = YES;
				CLANG_WARN_CONSTANT_CONVERSION = YES;
				CLANG_WARN_DIRECT_OBJC_ISA_USAGE = YES_ERROR;
				CLANG_WARN_DOCUMENTATION_COMMENTS = YES;
				CLANG_WARN_EMPTY_BODY = YES;
				CLANG_WARN_ENUM_CONVERSION = YES;
				CLANG_WARN_INFINITE_RECURSION = YES;
				CLANG_WARN_INT_CONVERSION = YES;
				CLANG_WARN_OBJC_ROOT_CLASS = YES_ERROR;
				CLANG_WARN_SUSPICIOUS_MOVE = YES;
				CLANG_WARN_UNREACHABLE_CODE = YES;
				CLANG_WARN__DUPLICATE_METHOD_MATCH = YES;
				"CODE_SIGN_IDENTITY[sdk=iphoneos*]" = "iPhone Developer";
				COPY_PHASE_STRIP = NO;
				DEBUG_INFORMATION_FORMAT = "dwarf-with-dsym";
				ENABLE_NS_ASSERTIONS = NO;
				ENABLE_STRICT_OBJC_MSGSEND = YES;
				GCC_C_LANGUAGE_STANDARD = gnu99;
				GCC_NO_COMMON_BLOCKS = YES;
				GCC_WARN_64_TO_32_BIT_CONVERSION = YES;
				GCC_WARN_ABOUT_RETURN_TYPE = YES_ERROR;
				GCC_WARN_UNDECLARED_SELECTOR = YES;
				GCC_WARN_UNINITIALIZED_AUTOS = YES_AGGRESSIVE;
				GCC_WARN_UNUSED_FUNCTION = YES;
				GCC_WARN_UNUSED_VARIABLE = YES;
				IPHONEOS_DEPLOYMENT_TARGET = 10.3;
				MTL_ENABLE_DEBUG_INFO = NO;
				SDKROOT = iphoneos;
				TARGETED_DEVICE_FAMILY = "1,2";
				VALIDATE_PRODUCT = YES;
			};
			name = Release;
		};
		189D7C8F1F8FBE21002871C8 /* Debug */ = {
			isa = XCBuildConfiguration;
			buildSettings = {
				ASSETCATALOG_COMPILER_APPICON_NAME = AppIcon;
				INFOPLIST_FILE = MyCustomDispatchTimer/Info.plist;
				LD_RUNPATH_SEARCH_PATHS = "$(inherited) @executable_path/Frameworks";
				PRODUCT_BUNDLE_IDENTIFIER = SRBD.MyCustomDispatchTimer;
				PRODUCT_NAME = "$(TARGET_NAME)";
			};
			name = Debug;
		};
		189D7C901F8FBE21002871C8 /* Release */ = {
			isa = XCBuildConfiguration;
			buildSettings = {
				ASSETCATALOG_COMPILER_APPICON_NAME = AppIcon;
				INFOPLIST_FILE = MyCustomDispatchTimer/Info.plist;
				LD_RUNPATH_SEARCH_PATHS = "$(inherited) @executable_path/Frameworks";
				PRODUCT_BUNDLE_IDENTIFIER = SRBD.MyCustomDispatchTimer;
				PRODUCT_NAME = "$(TARGET_NAME)";
			};
			name = Release;
		};
		189D7C921F8FBE21002871C8 /* Debug */ = {
			isa = XCBuildConfiguration;
			buildSettings = {
				BUNDLE_LOADER = "$(TEST_HOST)";
				INFOPLIST_FILE = MyCustomDispatchTimerTests/Info.plist;
				LD_RUNPATH_SEARCH_PATHS = "$(inherited) @executable_path/Frameworks @loader_path/Frameworks";
				PRODUCT_BUNDLE_IDENTIFIER = SRBD.MyCustomDispatchTimerTests;
				PRODUCT_NAME = "$(TARGET_NAME)";
				TEST_HOST = "$(BUILT_PRODUCTS_DIR)/MyCustomDispatchTimer.app/MyCustomDispatchTimer";
			};
			name = Debug;
		};
		189D7C931F8FBE21002871C8 /* Release */ = {
			isa = XCBuildConfiguration;
			buildSettings = {
				BUNDLE_LOADER = "$(TEST_HOST)";
				INFOPLIST_FILE = MyCustomDispatchTimerTests/Info.plist;
				LD_RUNPATH_SEARCH_PATHS = "$(inherited) @executable_path/Frameworks @loader_path/Frameworks";
				PRODUCT_BUNDLE_IDENTIFIER = SRBD.MyCustomDispatchTimerTests;
				PRODUCT_NAME = "$(TARGET_NAME)";
				TEST_HOST = "$(BUILT_PRODUCTS_DIR)/MyCustomDispatchTimer.app/MyCustomDispatchTimer";
			};
			name = Release;
		};
		189D7C951F8FBE21002871C8 /* Debug */ = {
			isa = XCBuildConfiguration;
			buildSettings = {
				INFOPLIST_FILE = MyCustomDispatchTimerUITests/Info.plist;
				LD_RUNPATH_SEARCH_PATHS = "$(inherited) @executable_path/Frameworks @loader_path/Frameworks";
				PRODUCT_BUNDLE_IDENTIFIER = SRBD.MyCustomDispatchTimerUITests;
				PRODUCT_NAME = "$(TARGET_NAME)";
				TEST_TARGET_NAME = MyCustomDispatchTimer;
			};
			name = Debug;
		};
		189D7C961F8FBE21002871C8 /* Release */ = {
			isa = XCBuildConfiguration;
			buildSettings = {
				INFOPLIST_FILE = MyCustomDispatchTimerUITests/Info.plist;
				LD_RUNPATH_SEARCH_PATHS = "$(inherited) @executable_path/Frameworks @loader_path/Frameworks";
				PRODUCT_BUNDLE_IDENTIFIER = SRBD.MyCustomDispatchTimerUITests;
				PRODUCT_NAME = "$(TARGET_NAME)";
				TEST_TARGET_NAME = MyCustomDispatchTimer;
			};
			name = Release;
		};
/* End XCBuildConfiguration section */

/* Begin XCConfigurationList section */
		189D7C5C1F8FBE20002871C8 /* Build configuration list for PBXProject "MyCustomDispatchTimer" */ = {
			isa = XCConfigurationList;
			buildConfigurations = (
				189D7C8C1F8FBE21002871C8 /* Debug */,
				189D7C8D1F8FBE21002871C8 /* Release */,
			);
			defaultConfigurationIsVisible = 0;
			defaultConfigurationName = Release;
		};
		189D7C8E1F8FBE21002871C8 /* Build configuration list for PBXNativeTarget "MyCustomDispatchTimer" */ = {
			isa = XCConfigurationList;
			buildConfigurations = (
				189D7C8F1F8FBE21002871C8 /* Debug */,
				189D7C901F8FBE21002871C8 /* Release */,
			);
			defaultConfigurationIsVisible = 0;
		};
		189D7C911F8FBE21002871C8 /* Build configuration list for PBXNativeTarget "MyCustomDispatchTimerTests" */ = {
			isa = XCConfigurationList;
			buildConfigurations = (
				189D7C921F8FBE21002871C8 /* Debug */,
				189D7C931F8FBE21002871C8 /* Release */,
			);
			defaultConfigurationIsVisible = 0;
		};
		189D7C941F8FBE21002871C8 /* Build configuration list for PBXNativeTarget "MyCustomDispatchTimerUITests" */ = {
			isa = XCConfigurationList;
			buildConfigurations = (
				189D7C951F8FBE21002871C8 /* Debug */,
				189D7C961F8FBE21002871C8 /* Release */,
			);
			defaultConfigurationIsVisible = 0;
		};
/* End XCConfigurationList section */
	};
	rootObject = 189D7C591F8FBE20002871C8 /* Project object */;
}
